
Microsoft Visual Studio Solution File, Format Version 12.00
# Visual Studio 2012
Project("{FAE04EC0-301F-11D3-BF4B-00C04F79EFBC}") = "Guia8", "Guia8\Guia8.csproj", "{98389442-47BE-4091-B43F-AD6FE88FB8AB}"
EndProject
Global
	GlobalSection(SolutionConfigurationPlatforms) = preSolution
		Debug|Any CPU = Debug|Any CPU
		Release|Any CPU = Release|Any CPU
	EndGlobalSection
	GlobalSection(ProjectConfigurationPlatforms) = postSolution
		{98389442-47BE-4091-B43F-AD6FE88FB8AB}.Debug|Any CPU.ActiveCfg = Debug|Any CPU
		{98389442-47BE-4091-B43F-AD6FE88FB8AB}.Debug|Any CPU.Build.0 = Debug|Any CPU
		{98389442-47BE-4091-B43F-AD6FE88FB8AB}.Release|Any CPU.ActiveCfg = Release|Any CPU
		{98389442-47BE-4091-B43F-AD6FE88FB8AB}.Release|Any CPU.Build.0 = Release|Any CPU
	EndGlobalSection
	GlobalSection(SolutionProperties) = preSolution
		HideSolutionNode = FALSE
	EndGlobalSection
EndGlobal
